// !$*UTF8*$!
{
	archiveVersion = 1;
	classes = {
	};
	objectVersion = 55;
	objects = {

/* Begin PBXBuildFile section */
		4979C35C28B4DA0100EC1E75 /* FlowerContentView.swift in Sources */ = {isa = PBXBuildFile; fileRef = 4979C35B28B4DA0100EC1E75 /* FlowerContentView.swift */; };
		4979C35E28B4DD8700EC1E75 /* ImagePaintContentView.swift in Sources */ = {isa = PBXBuildFile; fileRef = 4979C35D28B4DD8700EC1E75 /* ImagePaintContentView.swift */; };
		4979C36028B4E00D00EC1E75 /* DrawingGroupContentView.swift in Sources */ = {isa = PBXBuildFile; fileRef = 4979C35F28B4E00D00EC1E75 /* DrawingGroupContentView.swift */; };
		499BC7B928B3B75A0011972F /* DrawingApp.swift in Sources */ = {isa = PBXBuildFile; fileRef = 499BC7B828B3B75A0011972F /* DrawingApp.swift */; };
		499BC7BB28B3B75A0011972F /* ContentView.swift in Sources */ = {isa = PBXBuildFile; fileRef = 499BC7BA28B3B75A0011972F /* ContentView.swift */; };
		499BC7BD28B3B75B0011972F /* Assets.xcassets in Resources */ = {isa = PBXBuildFile; fileRef = 499BC7BC28B3B75B0011972F /* Assets.xcassets */; };
		499BC7C028B3B75B0011972F /* Preview Assets.xcassets in Resources */ = {isa = PBXBuildFile; fileRef = 499BC7BF28B3B75B0011972F /* Preview Assets.xcassets */; };
		49C2DCC428B7AB990012787B /* Home.swift in Sources */ = {isa = PBXBuildFile; fileRef = 49C2DCC328B7AB990012787B /* Home.swift */; };
		49C2DCC628B7B7810012787B /* ColorCyclingRectangleView.swift in Sources */ = {isa = PBXBuildFile; fileRef = 49C2DCC528B7B7810012787B /* ColorCyclingRectangleView.swift */; };
		49DE7E6228B645B100F0BBFA /* BlurContentView.swift in Sources */ = {isa = PBXBuildFile; fileRef = 49DE7E6128B645B100F0BBFA /* BlurContentView.swift */; };
		49DE7E6428B66CB400F0BBFA /* ShapContentView.swift in Sources */ = {isa = PBXBuildFile; fileRef = 49DE7E6328B66CB400F0BBFA /* ShapContentView.swift */; };
		49DE7E6628B67A3F00F0BBFA /* ComplexShapesContentView.swift in Sources */ = {isa = PBXBuildFile; fileRef = 49DE7E6528B67A3F00F0BBFA /* ComplexShapesContentView.swift */; };
/* End PBXBuildFile section */

/* Begin PBXFileReference section */
		4979C35B28B4DA0100EC1E75 /* FlowerContentView.swift */ = {isa = PBXFileReference; lastKnownFileType = sourcecode.swift; path = FlowerContentView.swift; sourceTree = "<group>"; };
		4979C35D28B4DD8700EC1E75 /* ImagePaintContentView.swift */ = {isa = PBXFileReference; lastKnownFileType = sourcecode.swift; path = ImagePaintContentView.swift; sourceTree = "<group>"; };
		4979C35F28B4E00D00EC1E75 /* DrawingGroupContentView.swift */ = {isa = PBXFileReference; lastKnownFileType = sourcecode.swift; path = DrawingGroupContentView.swift; sourceTree = "<group>"; };
		499BC7B528B3B75A0011972F /* Drawing.app */ = {isa = PBXFileReference; explicitFileType = wrapper.application; includeInIndex = 0; path = Drawing.app; sourceTree = BUILT_PRODUCTS_DIR; };
		499BC7B828B3B75A0011972F /* DrawingApp.swift */ = {isa = PBXFileReference; lastKnownFileType = sourcecode.swift; path = DrawingApp.swift; sourceTree = "<group>"; };
		499BC7BA28B3B75A0011972F /* ContentView.swift */ = {isa = PBXFileReference; lastKnownFileType = sourcecode.swift; path = ContentView.swift; sourceTree = "<group>"; };
		499BC7BC28B3B75B0011972F /* Assets.xcassets */ = {isa = PBXFileReference; lastKnownFileType = folder.assetcatalog; path = Assets.xcassets; sourceTree = "<group>"; };
		499BC7BF28B3B75B0011972F /* Preview Assets.xcassets */ = {isa = PBXFileReference; lastKnownFileType = folder.assetcatalog; path = "Preview Assets.xcassets"; sourceTree = "<group>"; };
		49C2DCC328B7AB990012787B /* Home.swift */ = {isa = PBXFileReference; lastKnownFileType = sourcecode.swift; path = Home.swift; sourceTree = "<group>"; };
		49C2DCC528B7B7810012787B /* ColorCyclingRectangleView.swift */ = {isa = PBXFileReference; lastKnownFileType = sourcecode.swift; path = ColorCyclingRectangleView.swift; sourceTree = "<group>"; };
		49DE7E6128B645B100F0BBFA /* BlurContentView.swift */ = {isa = PBXFileReference; lastKnownFileType = sourcecode.swift; path = BlurContentView.swift; sourceTree = "<group>"; };
		49DE7E6328B66CB400F0BBFA /* ShapContentView.swift */ = {isa = PBXFileReference; lastKnownFileType = sourcecode.swift; path = ShapContentView.swift; sourceTree = "<group>"; };
		49DE7E6528B67A3F00F0BBFA /* ComplexShapesContentView.swift */ = {isa = PBXFileReference; lastKnownFileType = sourcecode.swift; path = ComplexShapesContentView.swift; sourceTree = "<group>"; };
/* End PBXFileReference section */

/* Begin PBXFrameworksBuildPhase section */
		499BC7B228B3B75A0011972F /* Frameworks */ = {
			isa = PBXFrameworksBuildPhase;
			buildActionMask = 2147483647;
			files = (
			);
			runOnlyForDeploymentPostprocessing = 0;
		};
/* End PBXFrameworksBuildPhase section */

/* Begin PBXGroup section */
		499BC7AC28B3B75A0011972F = {
			isa = PBXGroup;
			children = (
				499BC7B728B3B75A0011972F /* Drawing */,
				499BC7B628B3B75A0011972F /* Products */,
			);
			sourceTree = "<group>";
		};
		499BC7B628B3B75A0011972F /* Products */ = {
			isa = PBXGroup;
			children = (
				499BC7B528B3B75A0011972F /* Drawing.app */,
			);
			name = Products;
			sourceTree = "<group>";
		};
		499BC7B728B3B75A0011972F /* Drawing */ = {
			isa = PBXGroup;
			children = (
				499BC7B828B3B75A0011972F /* DrawingApp.swift */,
				49C2DCC328B7AB990012787B /* Home.swift */,
				499BC7BA28B3B75A0011972F /* ContentView.swift */,
				4979C35B28B4DA0100EC1E75 /* FlowerContentView.swift */,
				4979C35D28B4DD8700EC1E75 /* ImagePaintContentView.swift */,
				4979C35F28B4E00D00EC1E75 /* DrawingGroupContentView.swift */,
				49DE7E6128B645B100F0BBFA /* BlurContentView.swift */,
				49DE7E6328B66CB400F0BBFA /* ShapContentView.swift */,
				49DE7E6528B67A3F00F0BBFA /* ComplexShapesContentView.swift */,
				49C2DCC528B7B7810012787B /* ColorCyclingRectangleView.swift */,
				499BC7BC28B3B75B0011972F /* Assets.xcassets */,
				499BC7BE28B3B75B0011972F /* Preview Content */,
			);
			path = Drawing;
			sourceTree = "<group>";
		};
		499BC7BE28B3B75B0011972F /* Preview Content */ = {
			isa = PBXGroup;
			children = (
				499BC7BF28B3B75B0011972F /* Preview Assets.xcassets */,
			);
			path = "Preview Content";
			sourceTree = "<group>";
		};
/* End PBXGroup section */

/* Begin PBXNativeTarget section */
		499BC7B428B3B75A0011972F /* Drawing */ = {
			isa = PBXNativeTarget;
			buildConfigurationList = 499BC7C328B3B75B0011972F /* Build configuration list for PBXNativeTarget "Drawing" */;
			buildPhases = (
				499BC7B128B3B75A0011972F /* Sources */,
				499BC7B228B3B75A0011972F /* Frameworks */,
				499BC7B328B3B75A0011972F /* Resources */,
			);
			buildRules = (
			);
			dependencies = (
			);
			name = Drawing;
			productName = Drawing;
			productReference = 499BC7B528B3B75A0011972F /* Drawing.app */;
			productType = "com.apple.product-type.application";
		};
/* End PBXNativeTarget section */

/* Begin PBXProject section */
		499BC7AD28B3B75A0011972F /* Project object */ = {
			isa = PBXProject;
			attributes = {
				BuildIndependentTargetsInParallel = 1;
				LastSwiftUpdateCheck = 1340;
				LastUpgradeCheck = 1340;
				TargetAttributes = {
					499BC7B428B3B75A0011972F = {
						CreatedOnToolsVersion = 13.4.1;
					};
				};
			};
			buildConfigurationList = 499BC7B028B3B75A0011972F /* Build configuration list for PBXProject "Drawing" */;
			compatibilityVersion = "Xcode 13.0";
			developmentRegion = en;
			hasScannedForEncodings = 0;
			knownRegions = (
				en,
				Base,
			);
			mainGroup = 499BC7AC28B3B75A0011972F;
			productRefGroup = 499BC7B628B3B75A0011972F /* Products */;
			projectDirPath = "";
			projectRoot = "";
			targets = (
				499BC7B428B3B75A0011972F /* Drawing */,
			);
		};
/* End PBXProject section */

/* Begin PBXResourcesBuildPhase section */
		499BC7B328B3B75A0011972F /* Resources */ = {
			isa = PBXResourcesBuildPhase;
			buildActionMask = 2147483647;
			files = (
				499BC7C028B3B75B0011972F /* Preview Assets.xcassets in Resources */,
				499BC7BD28B3B75B0011972F /* Assets.xcassets in Resources */,
			);
			runOnlyForDeploymentPostprocessing = 0;
		};
/* End PBXResourcesBuildPhase section */

/* Begin PBXSourcesBuildPhase section */
		499BC7B128B3B75A0011972F /* Sources */ = {
			isa = PBXSourcesBuildPhase;
			buildActionMask = 2147483647;
			files = (
				4979C36028B4E00D00EC1E75 /* DrawingGroupContentView.swift in Sources */,
				499BC7BB28B3B75A0011972F /* ContentView.swift in Sources */,
				4979C35C28B4DA0100EC1E75 /* FlowerContentView.swift in Sources */,
				49DE7E6628B67A3F00F0BBFA /* ComplexShapesContentView.swift in Sources */,
				49C2DCC428B7AB990012787B /* Home.swift in Sources */,
				49C2DCC628B7B7810012787B /* ColorCyclingRectangleView.swift in Sources */,
				49DE7E6428B66CB400F0BBFA /* ShapContentView.swift in Sources */,
				499BC7B928B3B75A0011972F /* DrawingApp.swift in Sources */,
				4979C35E28B4DD8700EC1E75 /* ImagePaintContentView.swift in Sources */,
				49DE7E6228B645B100F0BBFA /* BlurContentView.swift in Sources */,
			);
			runOnlyForDeploymentPostprocessing = 0;
		};
/* End PBXSourcesBuildPhase section */

/* Begin XCBuildConfiguration section */
		499BC7C128B3B75B0011972F /* Debug */ = {
			isa = XCBuildConfiguration;
			buildSettings = {
				ALWAYS_SEARCH_USER_PATHS = NO;
				CLANG_ANALYZER_NONNULL = YES;
				CLANG_ANALYZER_NUMBER_OBJECT_CONVERSION = YES_AGGRESSIVE;
				CLANG_CXX_LANGUAGE_STANDARD = "gnu++17";
				CLANG_ENABLE_MODULES = YES;
				CLANG_ENABLE_OBJC_ARC = YES;
				CLANG_ENABLE_OBJC_WEAK = YES;
				CLANG_WARN_BLOCK_CAPTURE_AUTORELEASING = YES;
				CLANG_WARN_BOOL_CONVERSION = YES;
				CLANG_WARN_COMMA = YES;
				CLANG_WARN_CONSTANT_CONVERSION = YES;
				CLANG_WARN_DEPRECATED_OBJC_IMPLEMENTATIONS = YES;
				CLANG_WARN_DIRECT_OBJC_ISA_USAGE = YES_ERROR;
				CLANG_WARN_DOCUMENTATION_COMMENTS = YES;
				CLANG_WARN_EMPTY_BODY = YES;
				CLANG_WARN_ENUM_CONVERSION = YES;
				CLANG_WARN_INFINITE_RECURSION = YES;
				CLANG_WARN_INT_CONVERSION = YES;
				CLANG_WARN_NON_LITERAL_NULL_CONVERSION = YES;
				CLANG_WARN_OBJC_IMPLICIT_RETAIN_SELF = YES;
				CLANG_WARN_OBJC_LITERAL_CONVERSION = YES;
				CLANG_WARN_OBJC_ROOT_CLASS = YES_ERROR;
				CLANG_WARN_QUOTED_INCLUDE_IN_FRAMEWORK_HEADER = YES;
				CLANG_WARN_RANGE_LOOP_ANALYSIS = YES;
				CLANG_WARN_STRICT_PROTOTYPES = YES;
				CLANG_WARN_SUSPICIOUS_MOVE = YES;
				CLANG_WARN_UNGUARDED_AVAILABILITY = YES_AGGRESSIVE;
				CLANG_WARN_UNREACHABLE_CODE = YES;
				CLANG_WARN__DUPLICATE_METHOD_MATCH = YES;
				COPY_PHASE_STRIP = NO;
				DEBUG_INFORMATION_FORMAT = dwarf;
				ENABLE_STRICT_OBJC_MSGSEND = YES;
				ENABLE_TESTABILITY = YES;
				GCC_C_LANGUAGE_STANDARD = gnu11;
				GCC_DYNAMIC_NO_PIC = NO;
				GCC_NO_COMMON_BLOCKS = YES;
				GCC_OPTIMIZATION_LEVEL = 0;
				GCC_PREPROCESSOR_DEFINITIONS = (
					"DEBUG=1",
					"$(inherited)",
				);
				GCC_WARN_64_TO_32_BIT_CONVERSION = YES;
				GCC_WARN_ABOUT_RETURN_TYPE = YES_ERROR;
				GCC_WARN_UNDECLARED_SELECTOR = YES;
				GCC_WARN_UNINITIALIZED_AUTOS = YES_AGGRESSIVE;
				GCC_WARN_UNUSED_FUNCTION = YES;
				GCC_WARN_UNUSED_VARIABLE = YES;
				IPHONEOS_DEPLOYMENT_TARGET = 15.5;
				MTL_ENABLE_DEBUG_INFO = INCLUDE_SOURCE;
				MTL_FAST_MATH = YES;
				ONLY_ACTIVE_ARCH = YES;
				SDKROOT = iphoneos;
				SWIFT_ACTIVE_COMPILATION_CONDITIONS = DEBUG;
				SWIFT_OPTIMIZATION_LEVEL = "-Onone";
			};
			name = Debug;
		};
		499BC7C228B3B75B0011972F /* Release */ = {
			isa = XCBuildConfiguration;
			buildSettings = {
				ALWAYS_SEARCH_USER_PATHS = NO;
				CLANG_ANALYZER_NONNULL = YES;
				CLANG_ANALYZER_NUMBER_OBJECT_CONVERSION = YES_AGGRESSIVE;
				CLANG_CXX_LANGUAGE_STANDARD = "gnu++17";
				CLANG_ENABLE_MODULES = YES;
				CLANG_ENABLE_OBJC_ARC = YES;
				CLANG_ENABLE_OBJC_WEAK = YES;
				CLANG_WARN_BLOCK_CAPTURE_AUTORELEASING = YES;
				CLANG_WARN_BOOL_CONVERSION = YES;
				CLANG_WARN_COMMA = YES;
				CLANG_WARN_CONSTANT_CONVERSION = YES;
				CLANG_WARN_DEPRECATED_OBJC_IMPLEMENTATIONS = YES;
				CLANG_WARN_DIRECT_OBJC_ISA_USAGE = YES_ERROR;
				CLANG_WARN_DOCUMENTATION_COMMENTS = YES;
				CLANG_WARN_EMPTY_BODY = YES;
				CLANG_WARN_ENUM_CONVERSION = YES;
				CLANG_WARN_INFINITE_RECURSION = YES;
				CLANG_WARN_INT_CONVERSION = YES;
				CLANG_WARN_NON_LITERAL_NULL_CONVERSION = YES;
				CLANG_WARN_OBJC_IMPLICIT_RETAIN_SELF = YES;
				CLANG_WARN_OBJC_LITERAL_CONVERSION = YES;
				CLANG_WARN_OBJC_ROOT_CLASS = YES_ERROR;
				CLANG_WARN_QUOTED_INCLUDE_IN_FRAMEWORK_HEADER = YES;
				CLANG_WARN_RANGE_LOOP_ANALYSIS = YES;
				CLANG_WARN_STRICT_PROTOTYPES = YES;
				CLANG_WARN_SUSPICIOUS_MOVE = YES;
				CLANG_WARN_UNGUARDED_AVAILABILITY = YES_AGGRESSIVE;
				CLANG_WARN_UNREACHABLE_CODE = YES;
				CLANG_WARN__DUPLICATE_METHOD_MATCH = YES;
				COPY_PHASE_STRIP = NO;
				DEBUG_INFORMATION_FORMAT = "dwarf-with-dsym";
				ENABLE_NS_ASSERTIONS = NO;
				ENABLE_STRICT_OBJC_MSGSEND = YES;
				GCC_C_LANGUAGE_STANDARD = gnu11;
				GCC_NO_COMMON_BLOCKS = YES;
				GCC_WARN_64_TO_32_BIT_CONVERSION = YES;
				GCC_WARN_ABOUT_RETURN_TYPE = YES_ERROR;
				GCC_WARN_UNDECLARED_SELECTOR = YES;
				GCC_WARN_UNINITIALIZED_AUTOS = YES_AGGRESSIVE;
				GCC_WARN_UNUSED_FUNCTION = YES;
				GCC_WARN_UNUSED_VARIABLE = YES;
				IPHONEOS_DEPLOYMENT_TARGET = 15.5;
				MTL_ENABLE_DEBUG_INFO = NO;
				MTL_FAST_MATH = YES;
				SDKROOT = iphoneos;
				SWIFT_COMPILATION_MODE = wholemodule;
				SWIFT_OPTIMIZATION_LEVEL = "-O";
				VALIDATE_PRODUCT = YES;
			};
			name = Release;
		};
		499BC7C428B3B75B0011972F /* Debug */ = {
			isa = XCBuildConfiguration;
			buildSettings = {
				ASSETCATALOG_COMPILER_APPICON_NAME = AppIcon;
				ASSETCATALOG_COMPILER_GLOBAL_ACCENT_COLOR_NAME = AccentColor;
				CODE_SIGN_STYLE = Automatic;
				CURRENT_PROJECT_VERSION = 1;
				DEVELOPMENT_ASSET_PATHS = "\"Drawing/Preview Content\"";
				DEVELOPMENT_TEAM = W3V3KSSZTP;
				ENABLE_PREVIEWS = YES;
				GENERATE_INFOPLIST_FILE = YES;
				INFOPLIST_KEY_UIApplicationSceneManifest_Generation = YES;
				INFOPLIST_KEY_UIApplicationSupportsIndirectInputEvents = YES;
				INFOPLIST_KEY_UILaunchScreen_Generation = YES;
				INFOPLIST_KEY_UISupportedInterfaceOrientations_iPad = "UIInterfaceOrientationPortrait UIInterfaceOrientationPortraitUpsideDown UIInterfaceOrientationLandscapeLeft UIInterfaceOrientationLandscapeRight";
				INFOPLIST_KEY_UISupportedInterfaceOrientations_iPhone = "UIInterfaceOrientationPortrait UIInterfaceOrientationLandscapeLeft UIInterfaceOrientationLandscapeRight";
				LD_RUNPATH_SEARCH_PATHS = (
					"$(inherited)",
					"@executable_path/Frameworks",
				);
				MARKETING_VERSION = 1.0;
				PRODUCT_BUNDLE_IDENTIFIER = com.GanNaSong.Drawing;
				PRODUCT_NAME = "$(TARGET_NAME)";
				SWIFT_EMIT_LOC_STRINGS = YES;
				SWIFT_VERSION = 5.0;
				TARGETED_DEVICE_FAMILY = "1,2";
			};
			name = Debug;
		};
		499BC7C528B3B75B0011972F /* Release */ = {
			isa = XCBuildConfiguration;
			buildSettings = {
				ASSETCATALOG_COMPILER_APPICON_NAME = AppIcon;
				ASSETCATALOG_COMPILER_GLOBAL_ACCENT_COLOR_NAME = AccentColor;
				CODE_SIGN_STYLE = Automatic;
				CURRENT_PROJECT_VERSION = 1;
				DEVELOPMENT_ASSET_PATHS = "\"Drawing/Preview Content\"";
				DEVELOPMENT_TEAM = W3V3KSSZTP;
				ENABLE_PREVIEWS = YES;
				GENERATE_INFOPLIST_FILE = YES;
				INFOPLIST_KEY_UIApplicationSceneManifest_Generation = YES;
				INFOPLIST_KEY_UIApplicationSupportsIndirectInputEvents = YES;
				INFOPLIST_KEY_UILaunchScreen_Generation = YES;
				INFOPLIST_KEY_UISupportedInterfaceOrientations_iPad = "UIInterfaceOrientationPortrait UIInterfaceOrientationPortraitUpsideDown UIInterfaceOrientationLandscapeLeft UIInterfaceOrientationLandscapeRight";
				INFOPLIST_KEY_UISupportedInterfaceOrientations_iPhone = "UIInterfaceOrientationPortrait UIInterfaceOrientationLandscapeLeft UIInterfaceOrientationLandscapeRight";
				LD_RUNPATH_SEARCH_PATHS = (
					"$(inherited)",
					"@executable_path/Frameworks",
				);
				MARKETING_VERSION = 1.0;
				PRODUCT_BUNDLE_IDENTIFIER = com.GanNaSong.Drawing;
				PRODUCT_NAME = "$(TARGET_NAME)";
				SWIFT_EMIT_LOC_STRINGS = YES;
				SWIFT_VERSION = 5.0;
				TARGETED_DEVICE_FAMILY = "1,2";
			};
			name = Release;
		};
/* End XCBuildConfiguration section */

/* Begin XCConfigurationList section */
		499BC7B028B3B75A0011972F /* Build configuration list for PBXProject "Drawing" */ = {
			isa = XCConfigurationList;
			buildConfigurations = (
				499BC7C128B3B75B0011972F /* Debug */,
				499BC7C228B3B75B0011972F /* Release */,
			);
			defaultConfigurationIsVisible = 0;
			defaultConfigurationName = Release;
		};
		499BC7C328B3B75B0011972F /* Build configuration list for PBXNativeTarget "Drawing" */ = {
			isa = XCConfigurationList;
			buildConfigurations = (
				499BC7C428B3B75B0011972F /* Debug */,
				499BC7C528B3B75B0011972F /* Release */,
			);
			defaultConfigurationIsVisible = 0;
			defaultConfigurationName = Release;
		};
/* End XCConfigurationList section */
	};
	rootObject = 499BC7AD28B3B75A0011972F /* Project object */;
}
